
Microsoft Visual Studio Solution File, Format Version 12.00
# Visual Studio Version 17
VisualStudioVersion = 17.0.31903.59
MinimumVisualStudioVersion = 10.0.40219.1
Project("{2150E333-8FDC-42A3-9474-1A3956D46DE8}") = "src", "src", "{827E0CD3-B72D-47B6-A68D-7590B98EB39B}"
EndProject
Project("{2150E333-8FDC-42A3-9474-1A3956D46DE8}") = "backend", "backend", "{FE360695-3F2B-1049-3887-35FBB5135923}"
EndProject
Project("{FAE04EC0-301F-11D3-BF4B-00C04F79EFBC}") = "CinePick.Domain", "src\backend\CinePick.Domain\CinePick.Domain.csproj", "{C6422E8D-B09A-4F77-B1D6-C509CDD0B144}"
EndProject
Project("{FAE04EC0-301F-11D3-BF4B-00C04F79EFBC}") = "CinePick.Application", "src\backend\CinePick.Application\CinePick.Application.csproj", "{E37C4995-4708-4333-A3EF-821B8AFE05C7}"
EndProject
Project("{FAE04EC0-301F-11D3-BF4B-00C04F79EFBC}") = "CinePick.Infrastructure", "src\backend\CinePick.Infrastructure\CinePick.Infrastructure.csproj", "{ED395079-6EB4-4D4E-8E45-56553EA20045}"
EndProject
Project("{FAE04EC0-301F-11D3-BF4B-00C04F79EFBC}") = "CinePick.Api", "src\backend\CinePick.Api\CinePick.Api.csproj", "{544703D9-2FFB-457A-A473-CDEC5A6508FE}"
EndProject
Project("{2150E333-8FDC-42A3-9474-1A3956D46DE8}") = "tests", "tests", "{0AB3BF05-4346-4AA6-1389-037BE0695223}"
EndProject
Project("{FAE04EC0-301F-11D3-BF4B-00C04F79EFBC}") = "CinePick.UnitTests", "tests\CinePick.UnitTests\CinePick.UnitTests.csproj", "{60AB0096-8849-462B-B223-68AE6BFD3191}"
EndProject
Project("{FAE04EC0-301F-11D3-BF4B-00C04F79EFBC}") = "CinePick.IntegrationTests", "tests\CinePick.IntegrationTests\CinePick.IntegrationTests.csproj", "{C5952750-9FCD-4ABE-A4A5-970B304A07FA}"
EndProject
Project("{FAE04EC0-301F-11D3-BF4B-00C04F79EFBC}") = "CinePick.ArchitectureTests", "tests\CinePick.ArchitectureTests\CinePick.ArchitectureTests.csproj", "{B92324B9-06D3-4CF3-A012-F8EDDA1CEEDD}"
EndProject
Global
	GlobalSection(SolutionConfigurationPlatforms) = preSolution
		Debug|Any CPU = Debug|Any CPU
		Debug|x64 = Debug|x64
		Debug|x86 = Debug|x86
		Release|Any CPU = Release|Any CPU
		Release|x64 = Release|x64
		Release|x86 = Release|x86
	EndGlobalSection
	GlobalSection(ProjectConfigurationPlatforms) = postSolution
		{C6422E8D-B09A-4F77-B1D6-C509CDD0B144}.Debug|Any CPU.ActiveCfg = Debug|Any CPU
		{C6422E8D-B09A-4F77-B1D6-C509CDD0B144}.Debug|Any CPU.Build.0 = Debug|Any CPU
		{C6422E8D-B09A-4F77-B1D6-C509CDD0B144}.Debug|x64.ActiveCfg = Debug|Any CPU
		{C6422E8D-B09A-4F77-B1D6-C509CDD0B144}.Debug|x64.Build.0 = Debug|Any CPU
		{C6422E8D-B09A-4F77-B1D6-C509CDD0B144}.Debug|x86.ActiveCfg = Debug|Any CPU
		{C6422E8D-B09A-4F77-B1D6-C509CDD0B144}.Debug|x86.Build.0 = Debug|Any CPU
		{C6422E8D-B09A-4F77-B1D6-C509CDD0B144}.Release|Any CPU.ActiveCfg = Release|Any CPU
		{C6422E8D-B09A-4F77-B1D6-C509CDD0B144}.Release|Any CPU.Build.0 = Release|Any CPU
		{C6422E8D-B09A-4F77-B1D6-C509CDD0B144}.Release|x64.ActiveCfg = Release|Any CPU
		{C6422E8D-B09A-4F77-B1D6-C509CDD0B144}.Release|x64.Build.0 = Release|Any CPU
		{C6422E8D-B09A-4F77-B1D6-C509CDD0B144}.Release|x86.ActiveCfg = Release|Any CPU
		{C6422E8D-B09A-4F77-B1D6-C509CDD0B144}.Release|x86.Build.0 = Release|Any CPU
		{E37C4995-4708-4333-A3EF-821B8AFE05C7}.Debug|Any CPU.ActiveCfg = Debug|Any CPU
		{E37C4995-4708-4333-A3EF-821B8AFE05C7}.Debug|Any CPU.Build.0 = Debug|Any CPU
		{E37C4995-4708-4333-A3EF-821B8AFE05C7}.Debug|x64.ActiveCfg = Debug|Any CPU
		{E37C4995-4708-4333-A3EF-821B8AFE05C7}.Debug|x64.Build.0 = Debug|Any CPU
		{E37C4995-4708-4333-A3EF-821B8AFE05C7}.Debug|x86.ActiveCfg = Debug|Any CPU
		{E37C4995-4708-4333-A3EF-821B8AFE05C7}.Debug|x86.Build.0 = Debug|Any CPU
		{E37C4995-4708-4333-A3EF-821B8AFE05C7}.Release|Any CPU.ActiveCfg = Release|Any CPU
		{E37C4995-4708-4333-A3EF-821B8AFE05C7}.Release|Any CPU.Build.0 = Release|Any CPU
		{E37C4995-4708-4333-A3EF-821B8AFE05C7}.Release|x64.ActiveCfg = Release|Any CPU
		{E37C4995-4708-4333-A3EF-821B8AFE05C7}.Release|x64.Build.0 = Release|Any CPU
		{E37C4995-4708-4333-A3EF-821B8AFE05C7}.Release|x86.ActiveCfg = Release|Any CPU
		{E37C4995-4708-4333-A3EF-821B8AFE05C7}.Release|x86.Build.0 = Release|Any CPU
		{ED395079-6EB4-4D4E-8E45-56553EA20045}.Debug|Any CPU.ActiveCfg = Debug|Any CPU
		{ED395079-6EB4-4D4E-8E45-56553EA20045}.Debug|Any CPU.Build.0 = Debug|Any CPU
		{ED395079-6EB4-4D4E-8E45-56553EA20045}.Debug|x64.ActiveCfg = Debug|Any CPU
		{ED395079-6EB4-4D4E-8E45-56553EA20045}.Debug|x64.Build.0 = Debug|Any CPU
		{ED395079-6EB4-4D4E-8E45-56553EA20045}.Debug|x86.ActiveCfg = Debug|Any CPU
		{ED395079-6EB4-4D4E-8E45-56553EA20045}.Debug|x86.Build.0 = Debug|Any CPU
		{ED395079-6EB4-4D4E-8E45-56553EA20045}.Release|Any CPU.ActiveCfg = Release|Any CPU
		{ED395079-6EB4-4D4E-8E45-56553EA20045}.Release|Any CPU.Build.0 = Release|Any CPU
		{ED395079-6EB4-4D4E-8E45-56553EA20045}.Release|x64.ActiveCfg = Release|Any CPU
		{ED395079-6EB4-4D4E-8E45-56553EA20045}.Release|x64.Build.0 = Release|Any CPU
		{ED395079-6EB4-4D4E-8E45-56553EA20045}.Release|x86.ActiveCfg = Release|Any CPU
		{ED395079-6EB4-4D4E-8E45-56553EA20045}.Release|x86.Build.0 = Release|Any CPU
		{544703D9-2FFB-457A-A473-CDEC5A6508FE}.Debug|Any CPU.ActiveCfg = Debug|Any CPU
		{544703D9-2FFB-457A-A473-CDEC5A6508FE}.Debug|Any CPU.Build.0 = Debug|Any CPU
		{544703D9-2FFB-457A-A473-CDEC5A6508FE}.Debug|x64.ActiveCfg = Debug|Any CPU
		{544703D9-2FFB-457A-A473-CDEC5A6508FE}.Debug|x64.Build.0 = Debug|Any CPU
		{544703D9-2FFB-457A-A473-CDEC5A6508FE}.Debug|x86.ActiveCfg = Debug|Any CPU
		{544703D9-2FFB-457A-A473-CDEC5A6508FE}.Debug|x86.Build.0 = Debug|Any CPU
		{544703D9-2FFB-457A-A473-CDEC5A6508FE}.Release|Any CPU.ActiveCfg = Release|Any CPU
		{544703D9-2FFB-457A-A473-CDEC5A6508FE}.Release|Any CPU.Build.0 = Release|Any CPU
		{544703D9-2FFB-457A-A473-CDEC5A6508FE}.Release|x64.ActiveCfg = Release|Any CPU
		{544703D9-2FFB-457A-A473-CDEC5A6508FE}.Release|x64.Build.0 = Release|Any CPU
		{544703D9-2FFB-457A-A473-CDEC5A6508FE}.Release|x86.ActiveCfg = Release|Any CPU
		{544703D9-2FFB-457A-A473-CDEC5A6508FE}.Release|x86.Build.0 = Release|Any CPU
		{60AB0096-8849-462B-B223-68AE6BFD3191}.Debug|Any CPU.ActiveCfg = Debug|Any CPU
		{60AB0096-8849-462B-B223-68AE6BFD3191}.Debug|Any CPU.Build.0 = Debug|Any CPU
		{60AB0096-8849-462B-B223-68AE6BFD3191}.Debug|x64.ActiveCfg = Debug|Any CPU
		{60AB0096-8849-462B-B223-68AE6BFD3191}.Debug|x64.Build.0 = Debug|Any CPU
		{60AB0096-8849-462B-B223-68AE6BFD3191}.Debug|x86.ActiveCfg = Debug|Any CPU
		{60AB0096-8849-462B-B223-68AE6BFD3191}.Debug|x86.Build.0 = Debug|Any CPU
		{60AB0096-8849-462B-B223-68AE6BFD3191}.Release|Any CPU.ActiveCfg = Release|Any CPU
		{60AB0096-8849-462B-B223-68AE6BFD3191}.Release|Any CPU.Build.0 = Release|Any CPU
		{60AB0096-8849-462B-B223-68AE6BFD3191}.Release|x64.ActiveCfg = Release|Any CPU
		{60AB0096-8849-462B-B223-68AE6BFD3191}.Release|x64.Build.0 = Release|Any CPU
		{60AB0096-8849-462B-B223-68AE6BFD3191}.Release|x86.ActiveCfg = Release|Any CPU
		{60AB0096-8849-462B-B223-68AE6BFD3191}.Release|x86.Build.0 = Release|Any CPU
		{C5952750-9FCD-4ABE-A4A5-970B304A07FA}.Debug|Any CPU.ActiveCfg = Debug|Any CPU
		{C5952750-9FCD-4ABE-A4A5-970B304A07FA}.Debug|Any CPU.Build.0 = Debug|Any CPU
		{C5952750-9FCD-4ABE-A4A5-970B304A07FA}.Debug|x64.ActiveCfg = Debug|Any CPU
		{C5952750-9FCD-4ABE-A4A5-970B304A07FA}.Debug|x64.Build.0 = Debug|Any CPU
		{C5952750-9FCD-4ABE-A4A5-970B304A07FA}.Debug|x86.ActiveCfg = Debug|Any CPU
		{C5952750-9FCD-4ABE-A4A5-970B304A07FA}.Debug|x86.Build.0 = Debug|Any CPU
		{C5952750-9FCD-4ABE-A4A5-970B304A07FA}.Release|Any CPU.ActiveCfg = Release|Any CPU
		{C5952750-9FCD-4ABE-A4A5-970B304A07FA}.Release|Any CPU.Build.0 = Release|Any CPU
		{C5952750-9FCD-4ABE-A4A5-970B304A07FA}.Release|x64.ActiveCfg = Release|Any CPU
		{C5952750-9FCD-4ABE-A4A5-970B304A07FA}.Release|x64.Build.0 = Release|Any CPU
		{C5952750-9FCD-4ABE-A4A5-970B304A07FA}.Release|x86.ActiveCfg = Release|Any CPU
		{C5952750-9FCD-4ABE-A4A5-970B304A07FA}.Release|x86.Build.0 = Release|Any CPU
		{B92324B9-06D3-4CF3-A012-F8EDDA1CEEDD}.Debug|Any CPU.ActiveCfg = Debug|Any CPU
		{B92324B9-06D3-4CF3-A012-F8EDDA1CEEDD}.Debug|Any CPU.Build.0 = Debug|Any CPU
		{B92324B9-06D3-4CF3-A012-F8EDDA1CEEDD}.Debug|x64.ActiveCfg = Debug|Any CPU
		{B92324B9-06D3-4CF3-A012-F8EDDA1CEEDD}.Debug|x64.Build.0 = Debug|Any CPU
		{B92324B9-06D3-4CF3-A012-F8EDDA1CEEDD}.Debug|x86.ActiveCfg = Debug|Any CPU
		{B92324B9-06D3-4CF3-A012-F8EDDA1CEEDD}.Debug|x86.Build.0 = Debug|Any CPU
		{B92324B9-06D3-4CF3-A012-F8EDDA1CEEDD}.Release|Any CPU.ActiveCfg = Release|Any CPU
		{B92324B9-06D3-4CF3-A012-F8EDDA1CEEDD}.Release|Any CPU.Build.0 = Release|Any CPU
		{B92324B9-06D3-4CF3-A012-F8EDDA1CEEDD}.Release|x64.ActiveCfg = Release|Any CPU
		{B92324B9-06D3-4CF3-A012-F8EDDA1CEEDD}.Release|x64.Build.0 = Release|Any CPU
		{B92324B9-06D3-4CF3-A012-F8EDDA1CEEDD}.Release|x86.ActiveCfg = Release|Any CPU
		{B92324B9-06D3-4CF3-A012-F8EDDA1CEEDD}.Release|x86.Build.0 = Release|Any CPU
	EndGlobalSection
	GlobalSection(SolutionProperties) = preSolution
		HideSolutionNode = FALSE
	EndGlobalSection
	GlobalSection(NestedProjects) = preSolution
		{FE360695-3F2B-1049-3887-35FBB5135923} = {827E0CD3-B72D-47B6-A68D-7590B98EB39B}
		{C6422E8D-B09A-4F77-B1D6-C509CDD0B144} = {FE360695-3F2B-1049-3887-35FBB5135923}
		{E37C4995-4708-4333-A3EF-821B8AFE05C7} = {FE360695-3F2B-1049-3887-35FBB5135923}
		{ED395079-6EB4-4D4E-8E45-56553EA20045} = {FE360695-3F2B-1049-3887-35FBB5135923}
		{544703D9-2FFB-457A-A473-CDEC5A6508FE} = {FE360695-3F2B-1049-3887-35FBB5135923}
		{60AB0096-8849-462B-B223-68AE6BFD3191} = {0AB3BF05-4346-4AA6-1389-037BE0695223}
		{C5952750-9FCD-4ABE-A4A5-970B304A07FA} = {0AB3BF05-4346-4AA6-1389-037BE0695223}
		{B92324B9-06D3-4CF3-A012-F8EDDA1CEEDD} = {0AB3BF05-4346-4AA6-1389-037BE0695223}
	EndGlobalSection
EndGlobal
